{
  "version": "3",
  "packages": {
    "specifiers": {
      "jsr:@hono/hono@^4.4.13": "jsr:@hono/hono@4.5.0",
      "jsr:@libs/typing@2": "jsr:@libs/typing@2.8.0",
      "jsr:@libs/xml@^5.4.12": "jsr:@libs/xml@5.4.12",
      "jsr:@std/html@^1.0.0": "jsr:@std/html@1.0.0",
      "npm:feed@^4.2.2": "npm:feed@4.2.2"
    },
    "jsr": {
      "@hono/hono@4.5.0": {
        "integrity": "4a410f7773ac4b5b0eb4520b26c7ab7795a271d57a9df7fa1953ded6b90ccaf7"
      },
      "@libs/typing@2.8.0": {
        "integrity": "92cb68fe9798fee525e810423c2346ee42a11b3d9955432c6a1d8e93a262aa39"
      },
      "@libs/xml@5.4.12": {
        "integrity": "57f0d480a40ba490c1f5efffda8f7bcf79812a351cdf014375093c6ec306c53d",
        "dependencies": [
          "jsr:@libs/typing@2"
        ]
      },
      "@std/html@1.0.0": {
        "integrity": "389f2b8b0021ee75966003b307b849813a300d1c554cef8d69aec2d5d3922ff9"
      }
    },
    "npm": {
      "feed@4.2.2": {
        "integrity": "sha512-u5/sxGfiMfZNtJ3OvQpXcvotFpYkL0n9u9mM2vkui2nGo8b4wvDkJ8gAkYqbA8QpGyFCv3RK0Z+Iv+9veCS9bQ==",
        "dependencies": {
          "xml-js": "xml-js@1.6.11"
        }
      },
      "sax@1.4.1": {
        "integrity": "sha512-+aWOz7yVScEGoKNd4PA10LZ8sk0A/z5+nXQG5giUO5rprX9jgYsTdov9qCchZiPIZezbZH+jRut8nPodFAX4Jg==",
        "dependencies": {}
      },
      "xml-js@1.6.11": {
        "integrity": "sha512-7rVi2KMfwfWFl+GpPg6m80IVMWXLRjO+PxTq7V2CDhoGak0wzYzFgUY2m4XJ47OGdXd8eLE8EmwfAmdjw7lC1g==",
        "dependencies": {
          "sax": "sax@1.4.1"
        }
      }
    }
  },
  "remote": {},
  "workspace": {
    "dependencies": [
      "jsr:@hono/hono@^4.4.13",
      "jsr:@libs/xml@^5.4.12",
      "jsr:@std/html@^1.0.0",
      "npm:feed@^4.2.2"
    ]
  }
}
