{
  "version": "3",
  "packages": {
    "specifiers": {
      "jsr:@deno/gfm@^0.8.2": "jsr:@deno/gfm@0.8.2",
      "jsr:@denosaurs/emoji@0.3": "jsr:@denosaurs/emoji@0.3.1",
      "jsr:@hono/hono@^4.4.13": "jsr:@hono/hono@4.6.3",
      "jsr:@libs/qrcode@^1.2.5": "jsr:@libs/qrcode@1.2.8",
      "jsr:@libs/xml@^5.4.12": "jsr:@libs/xml@5.4.16",
      "npm:@resvg/resvg-wasm@^2.6.2": "npm:@resvg/resvg-wasm@2.6.2",
      "npm:cheerio@^1.0.0": "npm:cheerio@1.0.0",
      "npm:dayjs@^1.11.13": "npm:dayjs@1.11.13",
      "npm:feed@^4.2.2": "npm:feed@4.2.2",
      "npm:github-slugger@^2.0": "npm:github-slugger@2.0.0",
      "npm:he@^1.2": "npm:he@1.2.0",
      "npm:jsqr@^1.4.0": "npm:jsqr@1.4.0",
      "npm:katex@^0.16": "npm:katex@0.16.11",
      "npm:marked-alert@^2.0": "npm:marked-alert@2.1.0_marked@12.0.2",
      "npm:marked-footnote@^1.2": "npm:marked-footnote@1.2.4_marked@12.0.2",
      "npm:marked-gfm-heading-id@^3.1": "npm:marked-gfm-heading-id@3.2.0_marked@12.0.2",
      "npm:marked@^12": "npm:marked@12.0.2",
      "npm:prismjs@^1.29": "npm:prismjs@1.29.0",
      "npm:sanitize-html@^2.11": "npm:sanitize-html@2.13.1"
    },
    "jsr": {
      "@deno/gfm@0.8.2": {
        "integrity": "a7528367cbd954a2d0de316bd0097ee92f06d2cb66502c8574de133ed223424f",
        "dependencies": [
          "jsr:@denosaurs/emoji@0.3",
          "npm:github-slugger@^2.0",
          "npm:he@^1.2",
          "npm:katex@^0.16",
          "npm:marked-alert@^2.0",
          "npm:marked-footnote@^1.2",
          "npm:marked-gfm-heading-id@^3.1",
          "npm:marked@^12",
          "npm:prismjs@^1.29",
          "npm:sanitize-html@^2.11"
        ]
      },
      "@denosaurs/emoji@0.3.1": {
        "integrity": "b0aed5f55dec99e83da7c9637fe0a36d1d6252b7c99deaaa3fc5dea3fcf3da8b"
      },
      "@hono/hono@4.6.3": {
        "integrity": "a1f5a18cd12a0db54755b0461dd5a4e2d93a6f85403073eb710103eacc42daf3"
      },
      "@libs/qrcode@1.2.8": {
        "integrity": "4f1629bdce26e1514d499eea91d06cff516fec3f31dc173d0478984f4a4136b6"
      },
      "@libs/xml@5.4.16": {
        "integrity": "6537b916340343261317a9f81693539a01e8530bc9896a6bbaa72d3a3cba798a"
      }
    },
    "npm": {
      "@resvg/resvg-wasm@2.6.2": {
        "integrity": "sha512-FqALmHI8D4o6lk/LRWDnhw95z5eO+eAa6ORjVg09YRR7BkcM6oPHU9uyC0gtQG5vpFLvgpeU4+zEAz2H8APHNw==",
        "dependencies": {}
      },
      "boolbase@1.0.0": {
        "integrity": "sha512-JZOSA7Mo9sNGB8+UjSgzdLtokWAky1zbztM3WRLCbZ70/3cTANmQmOdR7y2g+J0e2WXywy1yS468tY+IruqEww==",
        "dependencies": {}
      },
      "cheerio-select@2.1.0": {
        "integrity": "sha512-9v9kG0LvzrlcungtnJtpGNxY+fzECQKhK4EGJX2vByejiMX84MFNQw4UxPJl3bFbTMw+Dfs37XaIkCwTZfLh4g==",
        "dependencies": {
          "boolbase": "boolbase@1.0.0",
          "css-select": "css-select@5.1.0",
          "css-what": "css-what@6.1.0",
          "domelementtype": "domelementtype@2.3.0",
          "domhandler": "domhandler@5.0.3",
          "domutils": "domutils@3.1.0"
        }
      },
      "cheerio@1.0.0": {
        "integrity": "sha512-quS9HgjQpdaXOvsZz82Oz7uxtXiy6UIsIQcpBj7HRw2M63Skasm9qlDocAM7jNuaxdhpPU7c4kJN+gA5MCu4ww==",
        "dependencies": {
          "cheerio-select": "cheerio-select@2.1.0",
          "dom-serializer": "dom-serializer@2.0.0",
          "domhandler": "domhandler@5.0.3",
          "domutils": "domutils@3.1.0",
          "encoding-sniffer": "encoding-sniffer@0.2.0",
          "htmlparser2": "htmlparser2@9.1.0",
          "parse5": "parse5@7.1.2",
          "parse5-htmlparser2-tree-adapter": "parse5-htmlparser2-tree-adapter@7.0.0",
          "parse5-parser-stream": "parse5-parser-stream@7.1.2",
          "undici": "undici@6.20.0",
          "whatwg-mimetype": "whatwg-mimetype@4.0.0"
        }
      },
      "commander@8.3.0": {
        "integrity": "sha512-OkTL9umf+He2DZkUq8f8J9of7yL6RJKI24dVITBmNfZBmri9zYZQrKkuXiKhyfPSu8tUhnVBB1iKXevvnlR4Ww==",
        "dependencies": {}
      },
      "css-select@5.1.0": {
        "integrity": "sha512-nwoRF1rvRRnnCqqY7updORDsuqKzqYJ28+oSMaJMMgOauh3fvwHqMS7EZpIPqK8GL+g9mKxF1vP/ZjSeNjEVHg==",
        "dependencies": {
          "boolbase": "boolbase@1.0.0",
          "css-what": "css-what@6.1.0",
          "domhandler": "domhandler@5.0.3",
          "domutils": "domutils@3.1.0",
          "nth-check": "nth-check@2.1.1"
        }
      },
      "css-what@6.1.0": {
        "integrity": "sha512-HTUrgRJ7r4dsZKU6GjmpfRK1O76h97Z8MfS1G0FozR+oF2kG6Vfe8JE6zwrkbxigziPHinCJ+gCPjA9EaBDtRw==",
        "dependencies": {}
      },
      "dayjs@1.11.13": {
        "integrity": "sha512-oaMBel6gjolK862uaPQOVTA7q3TZhuSvuMQAAglQDOWYO9A91IrAOUJEyKVlqJlHE0vq5p5UXxzdPfMH/x6xNg==",
        "dependencies": {}
      },
      "deepmerge@4.3.1": {
        "integrity": "sha512-3sUqbMEc77XqpdNO7FRyRog+eW3ph+GYCbj+rK+uYyRMuwsVy0rMiVtPn+QJlKFvWP/1PYpapqYn0Me2knFn+A==",
        "dependencies": {}
      },
      "dom-serializer@2.0.0": {
        "integrity": "sha512-wIkAryiqt/nV5EQKqQpo3SToSOV9J0DnbJqwK7Wv/Trc92zIAYZ4FlMu+JPFW1DfGFt81ZTCGgDEabffXeLyJg==",
        "dependencies": {
          "domelementtype": "domelementtype@2.3.0",
          "domhandler": "domhandler@5.0.3",
          "entities": "entities@4.5.0"
        }
      },
      "domelementtype@2.3.0": {
        "integrity": "sha512-OLETBj6w0OsagBwdXnPdN0cnMfF9opN69co+7ZrbfPGrdpPVNBUj02spi6B1N7wChLQiPn4CSH/zJvXw56gmHw==",
        "dependencies": {}
      },
      "domhandler@5.0.3": {
        "integrity": "sha512-cgwlv/1iFQiFnU96XXgROh8xTeetsnJiDsTc7TYCLFd9+/WNkIqPTxiM/8pSd8VIrhXGTf1Ny1q1hquVqDJB5w==",
        "dependencies": {
          "domelementtype": "domelementtype@2.3.0"
        }
      },
      "domutils@3.1.0": {
        "integrity": "sha512-H78uMmQtI2AhgDJjWeQmHwJJ2bLPD3GMmO7Zja/ZZh84wkm+4ut+IUnUdRa8uCGX88DiVx1j6FRe1XfxEgjEZA==",
        "dependencies": {
          "dom-serializer": "dom-serializer@2.0.0",
          "domelementtype": "domelementtype@2.3.0",
          "domhandler": "domhandler@5.0.3"
        }
      },
      "encoding-sniffer@0.2.0": {
        "integrity": "sha512-ju7Wq1kg04I3HtiYIOrUrdfdDvkyO9s5XM8QAj/bN61Yo/Vb4vgJxy5vi4Yxk01gWHbrofpPtpxM8bKger9jhg==",
        "dependencies": {
          "iconv-lite": "iconv-lite@0.6.3",
          "whatwg-encoding": "whatwg-encoding@3.1.1"
        }
      },
      "entities@4.5.0": {
        "integrity": "sha512-V0hjH4dGPh9Ao5p0MoRY6BVqtwCjhz6vI5LT8AJ55H+4g9/4vbHx1I54fS0XuclLhDHArPQCiMjDxjaL8fPxhw==",
        "dependencies": {}
      },
      "escape-string-regexp@4.0.0": {
        "integrity": "sha512-TtpcNJ3XAzx3Gq8sWRzJaVajRs0uVxA2YAkdb1jm2YkPz4G6egUFAyA3n5vtEIZefPk5Wa4UXbKuS5fKkJWdgA==",
        "dependencies": {}
      },
      "feed@4.2.2": {
        "integrity": "sha512-u5/sxGfiMfZNtJ3OvQpXcvotFpYkL0n9u9mM2vkui2nGo8b4wvDkJ8gAkYqbA8QpGyFCv3RK0Z+Iv+9veCS9bQ==",
        "dependencies": {
          "xml-js": "xml-js@1.6.11"
        }
      },
      "github-slugger@2.0.0": {
        "integrity": "sha512-IaOQ9puYtjrkq7Y0Ygl9KDZnrf/aiUJYUpVf89y8kyaxbRG7Y1SrX/jaumrv81vc61+kiMempujsM3Yw7w5qcw==",
        "dependencies": {}
      },
      "he@1.2.0": {
        "integrity": "sha512-F/1DnUGPopORZi0ni+CvrCgHQ5FyEAHRLSApuYWMmrbSwoN2Mn/7k+Gl38gJnR7yyDZk6WLXwiGod1JOWNDKGw==",
        "dependencies": {}
      },
      "htmlparser2@8.0.2": {
        "integrity": "sha512-GYdjWKDkbRLkZ5geuHs5NY1puJ+PXwP7+fHPRz06Eirsb9ugf6d8kkXav6ADhcODhFFPMIXyxkxSuMf3D6NCFA==",
        "dependencies": {
          "domelementtype": "domelementtype@2.3.0",
          "domhandler": "domhandler@5.0.3",
          "domutils": "domutils@3.1.0",
          "entities": "entities@4.5.0"
        }
      },
      "htmlparser2@9.1.0": {
        "integrity": "sha512-5zfg6mHUoaer/97TxnGpxmbR7zJtPwIYFMZ/H5ucTlPZhKvtum05yiPK3Mgai3a0DyVxv7qYqoweaEd2nrYQzQ==",
        "dependencies": {
          "domelementtype": "domelementtype@2.3.0",
          "domhandler": "domhandler@5.0.3",
          "domutils": "domutils@3.1.0",
          "entities": "entities@4.5.0"
        }
      },
      "iconv-lite@0.6.3": {
        "integrity": "sha512-4fCk79wshMdzMp2rH06qWrJE4iolqLhCUH+OiuIgU++RB0+94NlDL81atO7GX55uUKueo0txHNtvEyI6D7WdMw==",
        "dependencies": {
          "safer-buffer": "safer-buffer@2.1.2"
        }
      },
      "is-plain-object@5.0.0": {
        "integrity": "sha512-VRSzKkbMm5jMDoKLbltAkFQ5Qr7VDiTFGXxYFXXowVj387GeGNOCsOH6Msy00SGZ3Fp84b1Naa1psqgcCIEP5Q==",
        "dependencies": {}
      },
      "jsqr@1.4.0": {
        "integrity": "sha512-dxLob7q65Xg2DvstYkRpkYtmKm2sPJ9oFhrhmudT1dZvNFFTlroai3AWSpLey/w5vMcLBXRgOJsbXpdN9HzU/A==",
        "dependencies": {}
      },
      "katex@0.16.11": {
        "integrity": "sha512-RQrI8rlHY92OLf3rho/Ts8i/XvjgguEjOkO1BEXcU3N8BqPpSzBNwV/G0Ukr+P/l3ivvJUE/Fa/CwbS6HesGNQ==",
        "dependencies": {
          "commander": "commander@8.3.0"
        }
      },
      "marked-alert@2.1.0_marked@12.0.2": {
        "integrity": "sha512-X95Z8PCDgWa0bBfM70GxZG3LD/leUrhXc3cx3w1eFExBhswd1oXn/S4S+9H8ypPdCY7okREb4dItUOc+VJq4jQ==",
        "dependencies": {
          "marked": "marked@12.0.2"
        }
      },
      "marked-footnote@1.2.4_marked@12.0.2": {
        "integrity": "sha512-DB2Kl+wFh6YwZd70qABMY6WUkG1UuyqoNTFoDfGyG79Pz24neYtLBkB+45a7o72V7gkfvbC3CGzIYFobxfMT1Q==",
        "dependencies": {
          "marked": "marked@12.0.2"
        }
      },
      "marked-gfm-heading-id@3.2.0_marked@12.0.2": {
        "integrity": "sha512-Xfxpr5lXLDLY10XqzSCA9l2dDaiabQUgtYM9hw8yunyVsB/xYBRpiic6BOiY/EAJw1ik1eWr1ET1HKOAPZBhXg==",
        "dependencies": {
          "github-slugger": "github-slugger@2.0.0",
          "marked": "marked@12.0.2"
        }
      },
      "marked@12.0.2": {
        "integrity": "sha512-qXUm7e/YKFoqFPYPa3Ukg9xlI5cyAtGmyEIzMfW//m6kXwCy2Ps9DYf5ioijFKQ8qyuscrHoY04iJGctu2Kg0Q==",
        "dependencies": {}
      },
      "nanoid@3.3.7": {
        "integrity": "sha512-eSRppjcPIatRIMC1U6UngP8XFcz8MQWGQdt1MTBQ7NaAmvXDfvNxbvWV3x2y6CdEUciCSsDHDQZbhYaB8QEo2g==",
        "dependencies": {}
      },
      "nth-check@2.1.1": {
        "integrity": "sha512-lqjrjmaOoAnWfMmBPL+XNnynZh2+swxiX3WUE0s4yEHI6m+AwrK2UZOimIRl3X/4QctVqS8AiZjFqyOGrMXb/w==",
        "dependencies": {
          "boolbase": "boolbase@1.0.0"
        }
      },
      "parse-srcset@1.0.2": {
        "integrity": "sha512-/2qh0lav6CmI15FzA3i/2Bzk2zCgQhGMkvhOhKNcBVQ1ldgpbfiNTVslmooUmWJcADi1f1kIeynbDRVzNlfR6Q==",
        "dependencies": {}
      },
      "parse5-htmlparser2-tree-adapter@7.0.0": {
        "integrity": "sha512-B77tOZrqqfUfnVcOrUvfdLbz4pu4RopLD/4vmu3HUPswwTA8OH0EMW9BlWR2B0RCoiZRAHEUu7IxeP1Pd1UU+g==",
        "dependencies": {
          "domhandler": "domhandler@5.0.3",
          "parse5": "parse5@7.1.2"
        }
      },
      "parse5-parser-stream@7.1.2": {
        "integrity": "sha512-JyeQc9iwFLn5TbvvqACIF/VXG6abODeB3Fwmv/TGdLk2LfbWkaySGY72at4+Ty7EkPZj854u4CrICqNk2qIbow==",
        "dependencies": {
          "parse5": "parse5@7.1.2"
        }
      },
      "parse5@7.1.2": {
        "integrity": "sha512-Czj1WaSVpaoj0wbhMzLmWD69anp2WH7FXMB9n1Sy8/ZFF9jolSQVMu1Ij5WIyGmcBmhk7EOndpO4mIpihVqAXw==",
        "dependencies": {
          "entities": "entities@4.5.0"
        }
      },
      "picocolors@1.1.0": {
        "integrity": "sha512-TQ92mBOW0l3LeMeyLV6mzy/kWr8lkd/hp3mTg7wYK7zJhuBStmGMBG0BdeDZS/dZx1IukaX6Bk11zcln25o1Aw==",
        "dependencies": {}
      },
      "postcss@8.4.47": {
        "integrity": "sha512-56rxCq7G/XfB4EkXq9Egn5GCqugWvDFjafDOThIdMBsI15iqPqR5r15TfSr1YPYeEI19YeaXMCbY6u88Y76GLQ==",
        "dependencies": {
          "nanoid": "nanoid@3.3.7",
          "picocolors": "picocolors@1.1.0",
          "source-map-js": "source-map-js@1.2.1"
        }
      },
      "prismjs@1.29.0": {
        "integrity": "sha512-Kx/1w86q/epKcmte75LNrEoT+lX8pBpavuAbvJWRXar7Hz8jrtF+e3vY751p0R8H9HdArwaCTNDDzHg/ScJK1Q==",
        "dependencies": {}
      },
      "safer-buffer@2.1.2": {
        "integrity": "sha512-YZo3K82SD7Riyi0E1EQPojLz7kpepnSQI9IyPbHHg1XXXevb5dJI7tpyN2ADxGcQbHG7vcyRHk0cbwqcQriUtg==",
        "dependencies": {}
      },
      "sanitize-html@2.13.1": {
        "integrity": "sha512-ZXtKq89oue4RP7abL9wp/9URJcqQNABB5GGJ2acW1sdO8JTVl92f4ygD7Yc9Ze09VAZhnt2zegeU0tbNsdcLYg==",
        "dependencies": {
          "deepmerge": "deepmerge@4.3.1",
          "escape-string-regexp": "escape-string-regexp@4.0.0",
          "htmlparser2": "htmlparser2@8.0.2",
          "is-plain-object": "is-plain-object@5.0.0",
          "parse-srcset": "parse-srcset@1.0.2",
          "postcss": "postcss@8.4.47"
        }
      },
      "sax@1.4.1": {
        "integrity": "sha512-+aWOz7yVScEGoKNd4PA10LZ8sk0A/z5+nXQG5giUO5rprX9jgYsTdov9qCchZiPIZezbZH+jRut8nPodFAX4Jg==",
        "dependencies": {}
      },
      "source-map-js@1.2.1": {
        "integrity": "sha512-UXWMKhLOwVKb728IUtQPXxfYU+usdybtUrK/8uGE8CQMvrhOpwvzDBwj0QhSL7MQc7vIsISBG8VQ8+IDQxpfQA==",
        "dependencies": {}
      },
      "undici@6.20.0": {
        "integrity": "sha512-AITZfPuxubm31Sx0vr8bteSalEbs9wQb/BOBi9FPlD9Qpd6HxZ4Q0+hI742jBhkPb4RT2v5MQzaW5VhRVyj+9A==",
        "dependencies": {}
      },
      "whatwg-encoding@3.1.1": {
        "integrity": "sha512-6qN4hJdMwfYBtE3YBTTHhoeuUrDBPZmbQaxWAqSALV/MeEnR5z1xd8UKud2RAkFoPkmB+hli1TZSnyi84xz1vQ==",
        "dependencies": {
          "iconv-lite": "iconv-lite@0.6.3"
        }
      },
      "whatwg-mimetype@4.0.0": {
        "integrity": "sha512-QaKxh0eNIi2mE9p2vEdzfagOKHCcj1pJ56EEHGQOVxp8r9/iszLUUV7v89x9O1p/T+NlTM5W7jW6+cz4Fq1YVg==",
        "dependencies": {}
      },
      "xml-js@1.6.11": {
        "integrity": "sha512-7rVi2KMfwfWFl+GpPg6m80IVMWXLRjO+PxTq7V2CDhoGak0wzYzFgUY2m4XJ47OGdXd8eLE8EmwfAmdjw7lC1g==",
        "dependencies": {
          "sax": "sax@1.4.1"
        }
      }
    }
  },
  "remote": {
    "https://deno.land/x/imagescript@1.3.0/ImageScript.js": "cf90773c966031edd781ed176c598f7ed495e7694cd9b86c986d2d97f783cca0",
    "https://deno.land/x/imagescript@1.3.0/mod.ts": "18a6cb83c55e690c873505f6fe867364c678afb64934fe7aef593a6b92f79995",
    "https://deno.land/x/imagescript@1.3.0/png/src/crc.mjs": "5cf50de181d61dd00e66a240d811018ba5070afa8bba302f393604404604de84",
    "https://deno.land/x/imagescript@1.3.0/png/src/mem.mjs": "4968d400dae069b4bf0ef4767c1802fd2cc7d15d90eda4cfadf5b4cd19b96c6d",
    "https://deno.land/x/imagescript@1.3.0/png/src/png.mjs": "96ef0ceff1b5a6cd9304749e5f187b4ab238509fb5f9a8be8ee934240271ed8d",
    "https://deno.land/x/imagescript@1.3.0/png/src/zlib.mjs": "9867dc3fab1d31b664f9344b0d7e977f493d9c912a76c760d012ed2b89f7061c",
    "https://deno.land/x/imagescript@1.3.0/utils/buffer.js": "952cb1beb8827e50a493a5d1f29a4845e8c648789406d389dd51f51205ba02d8",
    "https://deno.land/x/imagescript@1.3.0/utils/crc32.js": "573d6222b3605890714ebc374e687ec2aa3e9a949223ea199483e47ca4864f7d",
    "https://deno.land/x/imagescript@1.3.0/utils/png.js": "fbed9117e0a70602645d70df9c103ff6e79c03e987bd5c1685dcb4200729b6de",
    "https://deno.land/x/imagescript@1.3.0/utils/wasm/font.js": "9e75d842608c057045698d6a7cdf5ffd27241b5cdea0391c89a1917b31294524",
    "https://deno.land/x/imagescript@1.3.0/utils/wasm/gif.js": "8b86f7b96486bb8ff50fbc7c7487f86cb5cef85e6acd71e1def78a1aa2f12e4f",
    "https://deno.land/x/imagescript@1.3.0/utils/wasm/jpeg.js": "75295e2fcf96b4f7bb894b3844fdaa8140d63169d28b466b5d5be89d59a7b6e6",
    "https://deno.land/x/imagescript@1.3.0/utils/wasm/png.js": "0659536a8dd8f892c8346e268b2754b4414fad0ec1e9794dfcde1ba1c804ee02",
    "https://deno.land/x/imagescript@1.3.0/utils/wasm/svg.js": "f5c8a9d1977b51a7c07549ceb6bbbaca9497321a193f28b3dc229a42d91bcf14",
    "https://deno.land/x/imagescript@1.3.0/utils/wasm/tiff.js": "c2d7bdaef094df25aae1752e75167f485e89275d76a1379e39d8949580b7af4f",
    "https://deno.land/x/imagescript@1.3.0/utils/wasm/zlib.js": "749875f83abffe24d3b977475a0cbd5f9b52bee1fbdbef61ec183cbfc17805f6",
    "https://deno.land/x/imagescript@1.3.0/v2/framebuffer.mjs": "add44ff184636659714b3c6d4b896f628545451abffbc30b5bcc2e8d9a73d012",
    "https://deno.land/x/imagescript@1.3.0/v2/ops/blur.mjs": "80716f1ffab8a2aeb54a036f583bf51a2b9dd37e005adc000add803df8e8a12f",
    "https://deno.land/x/imagescript@1.3.0/v2/ops/color.mjs": "5e72cdcbf97dc939a2795223f01e3cb0544c0c56b03ea2aa026050df58348814",
    "https://deno.land/x/imagescript@1.3.0/v2/ops/crop.mjs": "69431fa6f687fd9f0c31eff0ec27d7ac925275005e53a37f0c3fab4cc4d9a9ea",
    "https://deno.land/x/imagescript@1.3.0/v2/ops/fill.mjs": "cf1b9488314753fbc9ebf03410ac74c2a34ea5a69fb6892cd6e8366cd1930d93",
    "https://deno.land/x/imagescript@1.3.0/v2/ops/flip.mjs": "825a34a66567dcf15e76a719f1bf2f66fb106503cd69942292b1b0ae05c5718e",
    "https://deno.land/x/imagescript@1.3.0/v2/ops/index.mjs": "423ba687119be2bba8cec72890577d3afa3621b6b8108912242fe937a183f2aa",
    "https://deno.land/x/imagescript@1.3.0/v2/ops/iterator.mjs": "c2adf3d90ce00719a02c48c97634574176a3501ff026676259bd71aa8f5d69b9",
    "https://deno.land/x/imagescript@1.3.0/v2/ops/overlay.mjs": "7e6e2c2ffd25006d52597ab8babc5f8f503d388a3fdf2fbc0eaea02799a020c9",
    "https://deno.land/x/imagescript@1.3.0/v2/ops/resize.mjs": "814e78ebce8eaf8f1f918688db7b52a141405e06a36ed4b25d04413d69e7d17b",
    "https://deno.land/x/imagescript@1.3.0/v2/ops/rotate.mjs": "a1b65616717bd2eed8db406affea3263b4674dada46b56441ef38167a187455d",
    "https://deno.land/x/imagescript@1.3.0/v2/util/mem.mjs": "4968d400dae069b4bf0ef4767c1802fd2cc7d15d90eda4cfadf5b4cd19b96c6d"
  },
  "workspace": {
    "dependencies": [
      "jsr:@deno/gfm@^0.8.2",
      "jsr:@hono/hono@^4.4.13",
      "jsr:@libs/qrcode@^1.2.5",
      "jsr:@libs/xml@^5.4.12",
      "jsr:@std/html@^1.0.0",
      "npm:@resvg/resvg-wasm@^2.6.2",
      "npm:cheerio@^1.0.0",
      "npm:dayjs@^1.11.13",
      "npm:feed@^4.2.2",
      "npm:jsqr@^1.4.0",
      "npm:link-preview-js@^3.0.5"
    ]
  }
}
